{
  "nodes": {
    "nixpkgs": {
      "locked": {
        "lastModified": 1770197578,
        "narHash": "sha256-AYqlWrX09+HvGs8zM6ebZ1pwUqjkfpnv8mewYwAo+iM=",
        "owner": "NixOS",
        "repo": "nixpkgs",
        "rev": "00c21e4c93d963c50d4c0c89bfa84ed6e0694df2",
        "type": "github"
      },
      "original": {
        "owner": "NixOS",
        "ref": "nixos-unstable",
        "repo": "nixpkgs",
        "type": "github"
      }
    },
    "rift": {
      "inputs": {
        "nixpkgs": "nixpkgs"
      },
      "locked": {
        "lastModified": 1783654976,
        "narHash": "sha256-E8dFlV0tp0iVD2u8IdaBDZrIVm4BSUvb/f5lBVO9AVY=",
        "owner": "fixed-labs",
        "repo": "oss",
        "rev": "ac61c924b6053dd697172856277089d3756dbd89",
        "type": "github"
      },
      "original": {
        "owner": "fixed-labs",
        "repo": "oss",
        "type": "github"
      }
    },
    "root": {
      "inputs": {
        "rift": "rift"
      }
    }
  },
  "root": "root",
  "version": 7
}
